{
  "nodes": {
    "agenix": {
      "inputs": {
        "darwin": "darwin",
        "home-manager": "home-manager",
        "nixpkgs": [
          "nvidia-sdk",
          "nixpkgs"
        ],
        "systems": "systems_2"
      },
      "locked": {
        "lastModified": 1762618334,
        "narHash": "sha256-wyT7Pl6tMFbFrs8Lk/TlEs81N6L+VSybPfiIgzU8lbQ=",
        "owner": "ryantm",
        "repo": "agenix",
        "rev": "fcdea223397448d35d9b31f798479227e80183f6",
        "type": "github"
      },
      "original": {
        "owner": "ryantm",
        "repo": "agenix",
        "type": "github"
      }
    },
    "buck2-prelude": {
      "flake": false,
      "locked": {
        "lastModified": 1747422168,
        "narHash": "sha256-iO5DxMc0uBhQfCVYJ+gD4avIhqlect7QOaszyBcBtUI=",
        "owner": "weyl-ai",
        "repo": "straylight-buck2-prelude",
        "rev": "b42171bedf69b18a3c9a8e5918e96e10c196062f",
        "type": "github"
      },
      "original": {
        "owner": "weyl-ai",
        "repo": "straylight-buck2-prelude",
        "type": "github"
      }
    },
    "crane": {
      "locked": {
        "lastModified": 1747587869,
        "narHash": "sha256-Zay3WJdSvC2VQmNqWSVLBOg/1iS/0/Q0c9JOBsB+3qw=",
        "owner": "ipetkov",
        "repo": "crane",
        "rev": "76603d32f18e0e378d9f6335c8fc286413493655",
        "type": "github"
      },
      "original": {
        "owner": "ipetkov",
        "repo": "crane",
        "type": "github"
      }
    },
    "darwin": {
      "inputs": {
        "nixpkgs": [
          "nvidia-sdk",
          "agenix",
          "nixpkgs"
        ]
      },
      "locked": {
        "lastModified": 1744478979,
        "narHash": "sha256-dyN+teG9G82G+m+PX/aSAagkC+vUv0SgUw3XkPhQodQ=",
        "owner": "lnl7",
        "repo": "nix-darwin",
        "rev": "43975d782b418ebf4969e9ccba82466728c2851b",
        "type": "github"
      },
      "original": {
        "owner": "lnl7",
        "ref": "master",
        "repo": "nix-darwin",
        "type": "github"
      }
    },
    "flake-compat": {
      "flake": false,
      "locked": {
        "lastModified": 1696426674,
        "narHash": "sha256-kvjfFW7WAETZlt09AgDn1MrtKzP7t90Vf7vypd3OL1U=",
        "owner": "edolstra",
        "repo": "flake-compat",
        "rev": "0f9255e01c2351cc7d116c072cb317785dd33b33",
        "type": "github"
      },
      "original": {
        "owner": "edolstra",
        "repo": "flake-compat",
        "type": "github"
      }
    },
    "flake-parts": {
      "inputs": {
        "nixpkgs-lib": "nixpkgs-lib"
      },
      "locked": {
        "lastModified": 1769996383,
        "narHash": "sha256-AnYjnFWgS49RlqX7LrC4uA+sCCDBj0Ry/WOJ5XWAsa0=",
        "owner": "hercules-ci",
        "repo": "flake-parts",
        "rev": "57928607ea566b5db3ad13af0e57e921e6b12381",
        "type": "github"
      },
      "original": {
        "owner": "hercules-ci",
        "repo": "flake-parts",
        "type": "github"
      }
    },
    "flake-parts_2": {
      "inputs": {
        "nixpkgs-lib": "nixpkgs-lib_2"
      },
      "locked": {
        "lastModified": 1743550720,
        "narHash": "sha256-hIshGgKZCgWh6AYJpJmRgFdR3WUbkY04o82X05xqQiY=",
        "owner": "hercules-ci",
        "repo": "flake-parts",
        "rev": "c621e8422220273271f52058f618c94e405bb0f5",
        "type": "github"
      },
      "original": {
        "owner": "hercules-ci",
        "repo": "flake-parts",
        "type": "github"
      }
    },
    "flake-parts_3": {
      "inputs": {
        "nixpkgs-lib": "nixpkgs-lib_3"
      },
      "locked": {
        "lastModified": 1769996383,
        "narHash": "sha256-AnYjnFWgS49RlqX7LrC4uA+sCCDBj0Ry/WOJ5XWAsa0=",
        "owner": "hercules-ci",
        "repo": "flake-parts",
        "rev": "57928607ea566b5db3ad13af0e57e921e6b12381",
        "type": "github"
      },
      "original": {
        "owner": "hercules-ci",
        "repo": "flake-parts",
        "type": "github"
      }
    },
    "flake-parts_4": {
      "inputs": {
        "nixpkgs-lib": "nixpkgs-lib_4"
      },
      "locked": {
        "lastModified": 1767602221,
        "narHash": "sha256-wl3P4WioICNY9SEvClT4JLAWFtItk3CbFNm/FmeeWlI=",
        "owner": "hercules-ci",
        "repo": "flake-parts",
        "rev": "1e34f377e37de05071735d373b481da2508dd625",
        "type": "github"
      },
      "original": {
        "owner": "hercules-ci",
        "repo": "flake-parts",
        "type": "github"
      }
    },
    "flake-utils": {
      "inputs": {
        "systems": "systems"
      },
      "locked": {
        "lastModified": 1710146030,
        "narHash": "sha256-SZ5L6eA7HJ/nmkzGG7/ISclqe6oZdOZTNoesiInkXPQ=",
        "owner": "numtide",
        "repo": "flake-utils",
        "rev": "b1d9ab70662946ef0850d488da1c9019f3a9752a",
        "type": "github"
      },
      "original": {
        "owner": "numtide",
        "repo": "flake-utils",
        "type": "github"
      }
    },
    "ghc-source-gen-src": {
      "flake": false,
      "locked": {
        "lastModified": 1767727283,
        "narHash": "sha256-TsPEK0I5c9FYqZp0lAzQNogqEv1LPMzdjFO9EtOm/Ls=",
        "owner": "google",
        "repo": "ghc-source-gen",
        "rev": "79ecc01213131da03a7198fc377606ce72ac037a",
        "type": "github"
      },
      "original": {
        "owner": "google",
        "repo": "ghc-source-gen",
        "type": "github"
      }
    },
    "git-hooks": {
      "inputs": {
        "flake-compat": "flake-compat",
        "gitignore": "gitignore",
        "nixpkgs": [
          "nativelink",
          "nixpkgs"
        ]
      },
      "locked": {
        "lastModified": 1747372754,
        "narHash": "sha256-2Y53NGIX2vxfie1rOW0Qb86vjRZ7ngizoo+bnXU9D9k=",
        "owner": "cachix",
        "repo": "git-hooks.nix",
        "rev": "80479b6ec16fefd9c1db3ea13aeb038c60530f46",
        "type": "github"
      },
      "original": {
        "owner": "cachix",
        "repo": "git-hooks.nix",
        "type": "github"
      }
    },
    "gitignore": {
      "inputs": {
        "nixpkgs": [
          "nativelink",
          "git-hooks",
          "nixpkgs"
        ]
      },
      "locked": {
        "lastModified": 1709087332,
        "narHash": "sha256-HG2cCnktfHsKV0s4XW83gU3F57gaTljL9KNSuG6bnQs=",
        "owner": "hercules-ci",
        "repo": "gitignore.nix",
        "rev": "637db329424fd7e46cf4185293b9cc8c88c95394",
        "type": "github"
      },
      "original": {
        "owner": "hercules-ci",
        "repo": "gitignore.nix",
        "type": "github"
      }
    },
    "home-manager": {
      "inputs": {
        "nixpkgs": [
          "nvidia-sdk",
          "agenix",
          "nixpkgs"
        ]
      },
      "locked": {
        "lastModified": 1745494811,
        "narHash": "sha256-YZCh2o9Ua1n9uCvrvi5pRxtuVNml8X2a03qIFfRKpFs=",
        "owner": "nix-community",
        "repo": "home-manager",
        "rev": "abfad3d2958c9e6300a883bd443512c55dfeb1be",
        "type": "github"
      },
      "original": {
        "owner": "nix-community",
        "repo": "home-manager",
        "type": "github"
      }
    },
    "llvm-project": {
      "flake": false,
      "locked": {
        "lastModified": 1767604300,
        "narHash": "sha256-mxeR/IxwZqi+Wbh0MXE0YFFzCQl8YpIY/nHF5WyHMNE=",
        "owner": "llvm",
        "repo": "llvm-project",
        "rev": "bb1f220d534b0f6d80bea36662f5188ff11c2e54",
        "type": "github"
      },
      "original": {
        "owner": "llvm",
        "repo": "llvm-project",
        "rev": "bb1f220d534b0f6d80bea36662f5188ff11c2e54",
        "type": "github"
      }
    },
    "llvm-project_2": {
      "flake": false,
      "locked": {
        "lastModified": 1767604300,
        "narHash": "sha256-mxeR/IxwZqi+Wbh0MXE0YFFzCQl8YpIY/nHF5WyHMNE=",
        "owner": "llvm",
        "repo": "llvm-project",
        "rev": "bb1f220d534b0f6d80bea36662f5188ff11c2e54",
        "type": "github"
      },
      "original": {
        "owner": "llvm",
        "repo": "llvm-project",
        "rev": "bb1f220d534b0f6d80bea36662f5188ff11c2e54",
        "type": "github"
      }
    },
    "nativelink": {
      "inputs": {
        "crane": "crane",
        "flake-parts": "flake-parts_2",
        "git-hooks": "git-hooks",
        "nix2container": "nix2container",
        "nixpkgs": "nixpkgs",
        "rust-overlay": "rust-overlay"
      },
      "locked": {
        "lastModified": 1770034444,
        "narHash": "sha256-MRQb1vb78XKrOqb4QbKD6SgJzNlBLwXbdVZwitSuO9c=",
        "owner": "TraceMachina",
        "repo": "nativelink",
        "rev": "85385e68271d78b2b72a24098202aade157a5553",
        "type": "github"
      },
      "original": {
        "owner": "TraceMachina",
        "repo": "nativelink",
        "type": "github"
      }
    },
    "nix-compile": {
      "inputs": {
        "flake-parts": "flake-parts_3",
        "nixpkgs": [
          "nixpkgs"
        ]
      },
      "locked": {
        "lastModified": 1770939475,
        "narHash": "sha256-h4f0eazkW2av4dkpoUSSei1rJYmOyrjLZ0E+twGFO3c=",
        "ref": "b7r6/nixos-sandbox-relaxed",
        "rev": "5eb1b9a6aa9f4139b153afbe7f3aa425ed8de409",
        "revCount": 3,
        "type": "git",
        "url": "ssh://git@github.com/straylight-software/nix-compile.git"
      },
      "original": {
        "ref": "b7r6/nixos-sandbox-relaxed",
        "type": "git",
        "url": "ssh://git@github.com/straylight-software/nix-compile.git"
      }
    },
    "nix2container": {
      "inputs": {
        "flake-utils": "flake-utils",
        "nixpkgs": [
          "nativelink",
          "nixpkgs"
        ]
      },
      "locked": {
        "lastModified": 1729339656,
        "narHash": "sha256-smV7HQ/OqZeRguQxNjsb3uQDwm0p6zKDbSDbPCav/oY=",
        "owner": "nlewo",
        "repo": "nix2container",
        "rev": "cc96df7c3747c61c584d757cfc083922b4f4b33e",
        "type": "github"
      },
      "original": {
        "owner": "nlewo",
        "repo": "nix2container",
        "rev": "cc96df7c3747c61c584d757cfc083922b4f4b33e",
        "type": "github"
      }
    },
    "nixpkgs": {
      "locked": {
        "lastModified": 1747852984,
        "narHash": "sha256-q2PmaOxyR3zqOF54a3E1Cj1gh0sDu8APX9b+OkX4J5s=",
        "owner": "NixOS",
        "repo": "nixpkgs",
        "rev": "8c441601c43232976179eac52dde704c8bdf81ed",
        "type": "github"
      },
      "original": {
        "owner": "NixOS",
        "ref": "nixos-unstable",
        "repo": "nixpkgs",
        "type": "github"
      }
    },
    "nixpkgs-lib": {
      "locked": {
        "lastModified": 1769909678,
        "narHash": "sha256-cBEymOf4/o3FD5AZnzC3J9hLbiZ+QDT/KDuyHXVJOpM=",
        "owner": "nix-community",
        "repo": "nixpkgs.lib",
        "rev": "72716169fe93074c333e8d0173151350670b824c",
        "type": "github"
      },
      "original": {
        "owner": "nix-community",
        "repo": "nixpkgs.lib",
        "type": "github"
      }
    },
    "nixpkgs-lib_2": {
      "locked": {
        "lastModified": 1743296961,
        "narHash": "sha256-b1EdN3cULCqtorQ4QeWgLMrd5ZGOjLSLemfa00heasc=",
        "owner": "nix-community",
        "repo": "nixpkgs.lib",
        "rev": "e4822aea2a6d1cdd36653c134cacfd64c97ff4fa",
        "type": "github"
      },
      "original": {
        "owner": "nix-community",
        "repo": "nixpkgs.lib",
        "type": "github"
      }
    },
    "nixpkgs-lib_3": {
      "locked": {
        "lastModified": 1769909678,
        "narHash": "sha256-cBEymOf4/o3FD5AZnzC3J9hLbiZ+QDT/KDuyHXVJOpM=",
        "owner": "nix-community",
        "repo": "nixpkgs.lib",
        "rev": "72716169fe93074c333e8d0173151350670b824c",
        "type": "github"
      },
      "original": {
        "owner": "nix-community",
        "repo": "nixpkgs.lib",
        "type": "github"
      }
    },
    "nixpkgs-lib_4": {
      "locked": {
        "lastModified": 1765674936,
        "narHash": "sha256-k00uTP4JNfmejrCLJOwdObYC9jHRrr/5M/a/8L2EIdo=",
        "owner": "nix-community",
        "repo": "nixpkgs.lib",
        "rev": "2075416fcb47225d9b68ac469a5c4801a9c4dd85",
        "type": "github"
      },
      "original": {
        "owner": "nix-community",
        "repo": "nixpkgs.lib",
        "type": "github"
      }
    },
    "nixpkgs-master": {
      "locked": {
        "lastModified": 1767602469,
        "narHash": "sha256-sO6SHAkw2o2frVHwke8cafuqCUgwQrypQQO6whmeuJM=",
        "owner": "NixOS",
        "repo": "nixpkgs",
        "rev": "9af67fcf0751de2bae81807638a45f19db31d44e",
        "type": "github"
      },
      "original": {
        "owner": "NixOS",
        "ref": "master",
        "repo": "nixpkgs",
        "type": "github"
      }
    },
    "nixpkgs_2": {
      "locked": {
        "lastModified": 1768127708,
        "narHash": "sha256-1Sm77VfZh3mU0F5OqKABNLWxOuDeHIlcFjsXeeiPazs=",
        "owner": "NixOS",
        "repo": "nixpkgs",
        "rev": "ffbc9f8cbaacfb331b6017d5a5abb21a492c9a38",
        "type": "github"
      },
      "original": {
        "owner": "NixOS",
        "ref": "nixos-unstable",
        "repo": "nixpkgs",
        "type": "github"
      }
    },
    "nixpkgs_3": {
      "locked": {
        "lastModified": 1767364772,
        "narHash": "sha256-fFUnEYMla8b7UKjijLnMe+oVFOz6HjijGGNS1l7dYaQ=",
        "owner": "nixos",
        "repo": "nixpkgs",
        "rev": "16c7794d0a28b5a37904d55bcca36003b9109aaa",
        "type": "github"
      },
      "original": {
        "owner": "nixos",
        "ref": "nixpkgs-unstable",
        "repo": "nixpkgs",
        "type": "github"
      }
    },
    "nvidia-sdk": {
      "inputs": {
        "agenix": "agenix",
        "flake-parts": "flake-parts_4",
        "llvm-project": "llvm-project_2",
        "nixpkgs": [
          "nixpkgs"
        ],
        "nixpkgs-master": "nixpkgs-master"
      },
      "locked": {
        "lastModified": 1770262007,
        "narHash": "sha256-JLCT16i7w5O4wZh119NUqciYKnoqMY3XCljmbiwhDOw=",
        "owner": "weyl-ai",
        "repo": "nvidia-sdk",
        "rev": "4ce3b9cada85aca1ef818d8183aa0d50cddc5eb5",
        "type": "github"
      },
      "original": {
        "owner": "weyl-ai",
        "repo": "nvidia-sdk",
        "type": "github"
      }
    },
    "root": {
      "inputs": {
        "buck2-prelude": "buck2-prelude",
        "flake-parts": "flake-parts",
        "ghc-source-gen-src": "ghc-source-gen-src",
        "llvm-project": "llvm-project",
        "nativelink": "nativelink",
        "nix-compile": "nix-compile",
        "nixpkgs": "nixpkgs_2",
        "nvidia-sdk": "nvidia-sdk",
        "systems": "systems_3",
        "treefmt-nix": "treefmt-nix"
      }
    },
    "rust-overlay": {
      "inputs": {
        "nixpkgs": [
          "nativelink",
          "nixpkgs"
        ]
      },
      "locked": {
        "lastModified": 1747795013,
        "narHash": "sha256-c7i0xJ+xFhgjO9SWHYu5dF/7lq63RPDvwKAdjc6VCE4=",
        "owner": "oxalica",
        "repo": "rust-overlay",
        "rev": "6b1cf12374361859242a562e1933a7930649131a",
        "type": "github"
      },
      "original": {
        "owner": "oxalica",
        "repo": "rust-overlay",
        "type": "github"
      }
    },
    "systems": {
      "locked": {
        "lastModified": 1681028828,
        "narHash": "sha256-Vy1rq5AaRuLzOxct8nz4T6wlgyUR7zLU309k9mBC768=",
        "owner": "nix-systems",
        "repo": "default",
        "rev": "da67096a3b9bf56a91d16901293e51ba5b49a27e",
        "type": "github"
      },
      "original": {
        "owner": "nix-systems",
        "repo": "default",
        "type": "github"
      }
    },
    "systems_2": {
      "locked": {
        "lastModified": 1681028828,
        "narHash": "sha256-Vy1rq5AaRuLzOxct8nz4T6wlgyUR7zLU309k9mBC768=",
        "owner": "nix-systems",
        "repo": "default",
        "rev": "da67096a3b9bf56a91d16901293e51ba5b49a27e",
        "type": "github"
      },
      "original": {
        "owner": "nix-systems",
        "repo": "default",
        "type": "github"
      }
    },
    "systems_3": {
      "locked": {
        "lastModified": 1681028828,
        "narHash": "sha256-Vy1rq5AaRuLzOxct8nz4T6wlgyUR7zLU309k9mBC768=",
        "owner": "nix-systems",
        "repo": "default",
        "rev": "da67096a3b9bf56a91d16901293e51ba5b49a27e",
        "type": "github"
      },
      "original": {
        "owner": "nix-systems",
        "repo": "default",
        "type": "github"
      }
    },
    "treefmt-nix": {
      "inputs": {
        "nixpkgs": "nixpkgs_3"
      },
      "locked": {
        "lastModified": 1769691507,
        "narHash": "sha256-8aAYwyVzSSwIhP2glDhw/G0i5+wOrren3v6WmxkVonM=",
        "owner": "numtide",
        "repo": "treefmt-nix",
        "rev": "28b19c5844cc6e2257801d43f2772a4b4c050a1b",
        "type": "github"
      },
      "original": {
        "owner": "numtide",
        "repo": "treefmt-nix",
        "type": "github"
      }
    }
  },
  "root": "root",
  "version": 7
}
